
Microsoft Visual Studio Solution File, Format Version 12.00
# Visual Studio Version 17
VisualStudioVersion = 17.14.36414.22 d17.14
MinimumVisualStudioVersion = 10.0.40219.1
Project("{FAE04EC0-301F-11D3-BF4B-00C04F79EFBC}") = "SeriesApp.BLL", "SeriesApp.BLL\SeriesApp.BLL.csproj", "{72E25FFC-72CA-413F-A9E2-7F8A822D7F1C}"
EndProject
Project("{FAE04EC0-301F-11D3-BF4B-00C04F79EFBC}") = "SeriesApp.DAL", "SeriesApp.DAL\SeriesApp.DAL.csproj", "{EE7CEC4E-56C0-4F66-8173-3900144BA8D3}"
EndProject
Project("{FAE04EC0-301F-11D3-BF4B-00C04F79EFBC}") = "SeriesApp.Domain", "SeriesApp.Domain\SeriesApp.Domain.csproj", "{7DCA7E6B-53FF-4FF0-B59F-B02B14B98977}"
EndProject
Project("{FAE04EC0-301F-11D3-BF4B-00C04F79EFBC}") = "SeriesApp.Api", "SeriesApp.Api\SeriesApp.Api.csproj", "{0CE0F4BC-EED9-4D00-8C12-68BE5D79453E}"
EndProject
Project("{FAE04EC0-301F-11D3-BF4B-00C04F79EFBC}") = "SeriesManagementWeb", "SeriesManagementWeb\SeriesManagementWeb.csproj", "{B6E2257E-5B96-4229-95AA-E29FAAEF4513}"
EndProject
Global
	GlobalSection(SolutionConfigurationPlatforms) = preSolution
		Debug|Any CPU = Debug|Any CPU
		Release|Any CPU = Release|Any CPU
	EndGlobalSection
	GlobalSection(ProjectConfigurationPlatforms) = postSolution
		{72E25FFC-72CA-413F-A9E2-7F8A822D7F1C}.Debug|Any CPU.ActiveCfg = Debug|Any CPU
		{72E25FFC-72CA-413F-A9E2-7F8A822D7F1C}.Debug|Any CPU.Build.0 = Debug|Any CPU
		{72E25FFC-72CA-413F-A9E2-7F8A822D7F1C}.Release|Any CPU.ActiveCfg = Release|Any CPU
		{72E25FFC-72CA-413F-A9E2-7F8A822D7F1C}.Release|Any CPU.Build.0 = Release|Any CPU
		{EE7CEC4E-56C0-4F66-8173-3900144BA8D3}.Debug|Any CPU.ActiveCfg = Debug|Any CPU
		{EE7CEC4E-56C0-4F66-8173-3900144BA8D3}.Debug|Any CPU.Build.0 = Debug|Any CPU
		{EE7CEC4E-56C0-4F66-8173-3900144BA8D3}.Release|Any CPU.ActiveCfg = Release|Any CPU
		{EE7CEC4E-56C0-4F66-8173-3900144BA8D3}.Release|Any CPU.Build.0 = Release|Any CPU
		{7DCA7E6B-53FF-4FF0-B59F-B02B14B98977}.Debug|Any CPU.ActiveCfg = Debug|Any CPU
		{7DCA7E6B-53FF-4FF0-B59F-B02B14B98977}.Debug|Any CPU.Build.0 = Debug|Any CPU
		{7DCA7E6B-53FF-4FF0-B59F-B02B14B98977}.Release|Any CPU.ActiveCfg = Release|Any CPU
		{7DCA7E6B-53FF-4FF0-B59F-B02B14B98977}.Release|Any CPU.Build.0 = Release|Any CPU
		{0CE0F4BC-EED9-4D00-8C12-68BE5D79453E}.Debug|Any CPU.ActiveCfg = Debug|Any CPU
		{0CE0F4BC-EED9-4D00-8C12-68BE5D79453E}.Debug|Any CPU.Build.0 = Debug|Any CPU
		{0CE0F4BC-EED9-4D00-8C12-68BE5D79453E}.Release|Any CPU.ActiveCfg = Release|Any CPU
		{0CE0F4BC-EED9-4D00-8C12-68BE5D79453E}.Release|Any CPU.Build.0 = Release|Any CPU
		{B6E2257E-5B96-4229-95AA-E29FAAEF4513}.Debug|Any CPU.ActiveCfg = Debug|Any CPU
		{B6E2257E-5B96-4229-95AA-E29FAAEF4513}.Debug|Any CPU.Build.0 = Debug|Any CPU
		{B6E2257E-5B96-4229-95AA-E29FAAEF4513}.Release|Any CPU.ActiveCfg = Release|Any CPU
		{B6E2257E-5B96-4229-95AA-E29FAAEF4513}.Release|Any CPU.Build.0 = Release|Any CPU
	EndGlobalSection
	GlobalSection(SolutionProperties) = preSolution
		HideSolutionNode = FALSE
	EndGlobalSection
	GlobalSection(ExtensibilityGlobals) = postSolution
		SolutionGuid = {431E262C-E55C-4877-A655-1F3436B63609}
	EndGlobalSection
EndGlobal
